// !$*UTF8*$!
{
	archiveVersion = 1;
	classes = {
	};
	objectVersion = 50;
	objects = {

/* Begin PBXBuildFile section */
		E916112A218C1D66005679EF /* TrueImageViewController.swift in Sources */ = {isa = PBXBuildFile; fileRef = E9161129218C1D66005679EF /* TrueImageViewController.swift */; };
		E916112C218C2F1D005679EF /* TrueImageView.swift in Sources */ = {isa = PBXBuildFile; fileRef = E916112B218C2F1D005679EF /* TrueImageView.swift */; };
		E950F64E218BF87B009BC018 /* TrueImageCollectionViewCell.swift in Sources */ = {isa = PBXBuildFile; fileRef = E950F64D218BF87B009BC018 /* TrueImageCollectionViewCell.swift */; };
		E950F650218BF963009BC018 /* hearthstoneCardback.png in Resources */ = {isa = PBXBuildFile; fileRef = E950F64F218BF963009BC018 /* hearthstoneCardback.png */; };
		E97734212188F6CC009D5401 /* AppDelegate.swift in Sources */ = {isa = PBXBuildFile; fileRef = E97734202188F6CC009D5401 /* AppDelegate.swift */; };
		E97734262188F6CC009D5401 /* Main.storyboard in Resources */ = {isa = PBXBuildFile; fileRef = E97734242188F6CC009D5401 /* Main.storyboard */; };
		E97734282188F6CD009D5401 /* Assets.xcassets in Resources */ = {isa = PBXBuildFile; fileRef = E97734272188F6CD009D5401 /* Assets.xcassets */; };
		E977342B2188F6CD009D5401 /* LaunchScreen.storyboard in Resources */ = {isa = PBXBuildFile; fileRef = E97734292188F6CD009D5401 /* LaunchScreen.storyboard */; };
		E97734342188F729009D5401 /* Utilities.swift in Sources */ = {isa = PBXBuildFile; fileRef = E97734332188F729009D5401 /* Utilities.swift */; };
		E97734362188F858009D5401 /* ImageGalleryTableViewController.swift in Sources */ = {isa = PBXBuildFile; fileRef = E97734352188F858009D5401 /* ImageGalleryTableViewController.swift */; };
		E97734382188FEA9009D5401 /* ImageGalleryViewController.swift in Sources */ = {isa = PBXBuildFile; fileRef = E97734372188FEA9009D5401 /* ImageGalleryViewController.swift */; };
		E977343A218904C1009D5401 /* ImageCollectionViewCell.swift in Sources */ = {isa = PBXBuildFile; fileRef = E9773439218904C1009D5401 /* ImageCollectionViewCell.swift */; };
		E977343C21890BB3009D5401 /* Grid.swift in Sources */ = {isa = PBXBuildFile; fileRef = E977343B21890BB3009D5401 /* Grid.swift */; };
		E9E7B9D1218E2E7A00AD0B5F /* iPadProImage.jpg in Resources */ = {isa = PBXBuildFile; fileRef = E9E7B9D0218E2E7A00AD0B5F /* iPadProImage.jpg */; };
		E9E7B9D3218E46C500AD0B5F /* stanford.jpeg in Resources */ = {isa = PBXBuildFile; fileRef = E9E7B9D2218E46C500AD0B5F /* stanford.jpeg */; };
/* End PBXBuildFile section */

/* Begin PBXFileReference section */
		E9161129218C1D66005679EF /* TrueImageViewController.swift */ = {isa = PBXFileReference; lastKnownFileType = sourcecode.swift; path = TrueImageViewController.swift; sourceTree = "<group>"; };
		E916112B218C2F1D005679EF /* TrueImageView.swift */ = {isa = PBXFileReference; lastKnownFileType = sourcecode.swift; path = TrueImageView.swift; sourceTree = "<group>"; };
		E950F64D218BF87B009BC018 /* TrueImageCollectionViewCell.swift */ = {isa = PBXFileReference; lastKnownFileType = sourcecode.swift; path = TrueImageCollectionViewCell.swift; sourceTree = "<group>"; };
		E950F64F218BF963009BC018 /* hearthstoneCardback.png */ = {isa = PBXFileReference; lastKnownFileType = image.png; path = hearthstoneCardback.png; sourceTree = "<group>"; };
		E977341D2188F6CC009D5401 /* ImageGallery.app */ = {isa = PBXFileReference; explicitFileType = wrapper.application; includeInIndex = 0; path = ImageGallery.app; sourceTree = BUILT_PRODUCTS_DIR; };
		E97734202188F6CC009D5401 /* AppDelegate.swift */ = {isa = PBXFileReference; lastKnownFileType = sourcecode.swift; path = AppDelegate.swift; sourceTree = "<group>"; };
		E97734252188F6CC009D5401 /* Base */ = {isa = PBXFileReference; lastKnownFileType = file.storyboard; name = Base; path = Base.lproj/Main.storyboard; sourceTree = "<group>"; };
		E97734272188F6CD009D5401 /* Assets.xcassets */ = {isa = PBXFileReference; lastKnownFileType = folder.assetcatalog; path = Assets.xcassets; sourceTree = "<group>"; };
		E977342A2188F6CD009D5401 /* Base */ = {isa = PBXFileReference; lastKnownFileType = file.storyboard; name = Base; path = Base.lproj/LaunchScreen.storyboard; sourceTree = "<group>"; };
		E977342C2188F6CD009D5401 /* Info.plist */ = {isa = PBXFileReference; lastKnownFileType = text.plist.xml; path = Info.plist; sourceTree = "<group>"; };
		E97734332188F729009D5401 /* Utilities.swift */ = {isa = PBXFileReference; fileEncoding = 4; lastKnownFileType = sourcecode.swift; path = Utilities.swift; sourceTree = "<group>"; };
		E97734352188F858009D5401 /* ImageGalleryTableViewController.swift */ = {isa = PBXFileReference; lastKnownFileType = sourcecode.swift; path = ImageGalleryTableViewController.swift; sourceTree = "<group>"; };
		E97734372188FEA9009D5401 /* ImageGalleryViewController.swift */ = {isa = PBXFileReference; lastKnownFileType = sourcecode.swift; path = ImageGalleryViewController.swift; sourceTree = "<group>"; };
		E9773439218904C1009D5401 /* ImageCollectionViewCell.swift */ = {isa = PBXFileReference; lastKnownFileType = sourcecode.swift; path = ImageCollectionViewCell.swift; sourceTree = "<group>"; };
		E977343B21890BB3009D5401 /* Grid.swift */ = {isa = PBXFileReference; fileEncoding = 4; lastKnownFileType = sourcecode.swift; path = Grid.swift; sourceTree = "<group>"; };
		E9E7B9D0218E2E7A00AD0B5F /* iPadProImage.jpg */ = {isa = PBXFileReference; lastKnownFileType = image.jpeg; path = iPadProImage.jpg; sourceTree = "<group>"; };
		E9E7B9D2218E46C500AD0B5F /* stanford.jpeg */ = {isa = PBXFileReference; lastKnownFileType = image.jpeg; path = stanford.jpeg; sourceTree = "<group>"; };
/* End PBXFileReference section */

/* Begin PBXFrameworksBuildPhase section */
		E977341A2188F6CC009D5401 /* Frameworks */ = {
			isa = PBXFrameworksBuildPhase;
			buildActionMask = 2147483647;
			files = (
			);
			runOnlyForDeploymentPostprocessing = 0;
		};
/* End PBXFrameworksBuildPhase section */

/* Begin PBXGroup section */
		E97734142188F6CC009D5401 = {
			isa = PBXGroup;
			children = (
				E977341F2188F6CC009D5401 /* ImageGallery */,
				E977341E2188F6CC009D5401 /* Products */,
			);
			sourceTree = "<group>";
		};
		E977341E2188F6CC009D5401 /* Products */ = {
			isa = PBXGroup;
			children = (
				E977341D2188F6CC009D5401 /* ImageGallery.app */,
			);
			name = Products;
			sourceTree = "<group>";
		};
		E977341F2188F6CC009D5401 /* ImageGallery */ = {
			isa = PBXGroup;
			children = (
				E9161129218C1D66005679EF /* TrueImageViewController.swift */,
				E950F64D218BF87B009BC018 /* TrueImageCollectionViewCell.swift */,
				E916112B218C2F1D005679EF /* TrueImageView.swift */,
				E97734242188F6CC009D5401 /* Main.storyboard */,
				E977342C2188F6CD009D5401 /* Info.plist */,
				E97734332188F729009D5401 /* Utilities.swift */,
				E977343B21890BB3009D5401 /* Grid.swift */,
				E97734372188FEA9009D5401 /* ImageGalleryViewController.swift */,
				E9773439218904C1009D5401 /* ImageCollectionViewCell.swift */,
				E97734352188F858009D5401 /* ImageGalleryTableViewController.swift */,
				E950F64F218BF963009BC018 /* hearthstoneCardback.png */,
				E9E7B9D0218E2E7A00AD0B5F /* iPadProImage.jpg */,
				E9E7B9D2218E46C500AD0B5F /* stanford.jpeg */,
				E97734322188F6E4009D5401 /* Supporting Files */,
			);
			path = ImageGallery;
			sourceTree = "<group>";
		};
		E97734322188F6E4009D5401 /* Supporting Files */ = {
			isa = PBXGroup;
			children = (
				E97734202188F6CC009D5401 /* AppDelegate.swift */,
				E97734272188F6CD009D5401 /* Assets.xcassets */,
				E97734292188F6CD009D5401 /* LaunchScreen.storyboard */,
			);
			path = "Supporting Files";
			sourceTree = "<group>";
		};
/* End PBXGroup section */

/* Begin PBXNativeTarget section */
		E977341C2188F6CC009D5401 /* ImageGallery */ = {
			isa = PBXNativeTarget;
			buildConfigurationList = E977342F2188F6CD009D5401 /* Build configuration list for PBXNativeTarget "ImageGallery" */;
			buildPhases = (
				E97734192188F6CC009D5401 /* Sources */,
				E977341A2188F6CC009D5401 /* Frameworks */,
				E977341B2188F6CC009D5401 /* Resources */,
			);
			buildRules = (
			);
			dependencies = (
			);
			name = ImageGallery;
			productName = ImageGallery;
			productReference = E977341D2188F6CC009D5401 /* ImageGallery.app */;
			productType = "com.apple.product-type.application";
		};
/* End PBXNativeTarget section */

/* Begin PBXProject section */
		E97734152188F6CC009D5401 /* Project object */ = {
			isa = PBXProject;
			attributes = {
				LastSwiftUpdateCheck = 1000;
				LastUpgradeCheck = 1000;
				ORGANIZATIONNAME = Anti;
				TargetAttributes = {
					E977341C2188F6CC009D5401 = {
						CreatedOnToolsVersion = 10.0;
					};
				};
			};
			buildConfigurationList = E97734182188F6CC009D5401 /* Build configuration list for PBXProject "ImageGallery" */;
			compatibilityVersion = "Xcode 9.3";
			developmentRegion = en;
			hasScannedForEncodings = 0;
			knownRegions = (
				en,
				Base,
			);
			mainGroup = E97734142188F6CC009D5401;
			productRefGroup = E977341E2188F6CC009D5401 /* Products */;
			projectDirPath = "";
			projectRoot = "";
			targets = (
				E977341C2188F6CC009D5401 /* ImageGallery */,
			);
		};
/* End PBXProject section */

/* Begin PBXResourcesBuildPhase section */
		E977341B2188F6CC009D5401 /* Resources */ = {
			isa = PBXResourcesBuildPhase;
			buildActionMask = 2147483647;
			files = (
				E9E7B9D1218E2E7A00AD0B5F /* iPadProImage.jpg in Resources */,
				E977342B2188F6CD009D5401 /* LaunchScreen.storyboard in Resources */,
				E9E7B9D3218E46C500AD0B5F /* stanford.jpeg in Resources */,
				E97734282188F6CD009D5401 /* Assets.xcassets in Resources */,
				E950F650218BF963009BC018 /* hearthstoneCardback.png in Resources */,
				E97734262188F6CC009D5401 /* Main.storyboard in Resources */,
			);
			runOnlyForDeploymentPostprocessing = 0;
		};
/* End PBXResourcesBuildPhase section */

/* Begin PBXSourcesBuildPhase section */
		E97734192188F6CC009D5401 /* Sources */ = {
			isa = PBXSourcesBuildPhase;
			buildActionMask = 2147483647;
			files = (
				E916112C218C2F1D005679EF /* TrueImageView.swift in Sources */,
				E97734342188F729009D5401 /* Utilities.swift in Sources */,
				E977343A218904C1009D5401 /* ImageCollectionViewCell.swift in Sources */,
				E916112A218C1D66005679EF /* TrueImageViewController.swift in Sources */,
				E97734382188FEA9009D5401 /* ImageGalleryViewController.swift in Sources */,
				E97734362188F858009D5401 /* ImageGalleryTableViewController.swift in Sources */,
				E97734212188F6CC009D5401 /* AppDelegate.swift in Sources */,
				E950F64E218BF87B009BC018 /* TrueImageCollectionViewCell.swift in Sources */,
				E977343C21890BB3009D5401 /* Grid.swift in Sources */,
			);
			runOnlyForDeploymentPostprocessing = 0;
		};
/* End PBXSourcesBuildPhase section */

/* Begin PBXVariantGroup section */
		E97734242188F6CC009D5401 /* Main.storyboard */ = {
			isa = PBXVariantGroup;
			children = (
				E97734252188F6CC009D5401 /* Base */,
			);
			name = Main.storyboard;
			sourceTree = "<group>";
		};
		E97734292188F6CD009D5401 /* LaunchScreen.storyboard */ = {
			isa = PBXVariantGroup;
			children = (
				E977342A2188F6CD009D5401 /* Base */,
			);
			name = LaunchScreen.storyboard;
			sourceTree = "<group>";
		};
/* End PBXVariantGroup section */

/* Begin XCBuildConfiguration section */
		E977342D2188F6CD009D5401 /* Debug */ = {
			isa = XCBuildConfiguration;
			buildSettings = {
				ALWAYS_SEARCH_USER_PATHS = NO;
				CLANG_ANALYZER_NONNULL = YES;
				CLANG_ANALYZER_NUMBER_OBJECT_CONVERSION = YES_AGGRESSIVE;
				CLANG_CXX_LANGUAGE_STANDARD = "gnu++14";
				CLANG_CXX_LIBRARY = "libc++";
				CLANG_ENABLE_MODULES = YES;
				CLANG_ENABLE_OBJC_ARC = YES;
				CLANG_ENABLE_OBJC_WEAK = YES;
				CLANG_WARN_BLOCK_CAPTURE_AUTORELEASING = YES;
				CLANG_WARN_BOOL_CONVERSION = YES;
				CLANG_WARN_COMMA = YES;
				CLANG_WARN_CONSTANT_CONVERSION = YES;
				CLANG_WARN_DEPRECATED_OBJC_IMPLEMENTATIONS = YES;
				CLANG_WARN_DIRECT_OBJC_ISA_USAGE = YES_ERROR;
				CLANG_WARN_DOCUMENTATION_COMMENTS = YES;
				CLANG_WARN_EMPTY_BODY = YES;
				CLANG_WARN_ENUM_CONVERSION = YES;
				CLANG_WARN_INFINITE_RECURSION = YES;
				CLANG_WARN_INT_CONVERSION = YES;
				CLANG_WARN_NON_LITERAL_NULL_CONVERSION = YES;
				CLANG_WARN_OBJC_IMPLICIT_RETAIN_SELF = YES;
				CLANG_WARN_OBJC_LITERAL_CONVERSION = YES;
				CLANG_WARN_OBJC_ROOT_CLASS = YES_ERROR;
				CLANG_WARN_RANGE_LOOP_ANALYSIS = YES;
				CLANG_WARN_STRICT_PROTOTYPES = YES;
				CLANG_WARN_SUSPICIOUS_MOVE = YES;
				CLANG_WARN_UNGUARDED_AVAILABILITY = YES_AGGRESSIVE;
				CLANG_WARN_UNREACHABLE_CODE = YES;
				CLANG_WARN__DUPLICATE_METHOD_MATCH = YES;
				CODE_SIGN_IDENTITY = "iPhone Developer";
				COPY_PHASE_STRIP = NO;
				DEBUG_INFORMATION_FORMAT = dwarf;
				ENABLE_STRICT_OBJC_MSGSEND = YES;
				ENABLE_TESTABILITY = YES;
				GCC_C_LANGUAGE_STANDARD = gnu11;
				GCC_DYNAMIC_NO_PIC = NO;
				GCC_NO_COMMON_BLOCKS = YES;
				GCC_OPTIMIZATION_LEVEL = 0;
				GCC_PREPROCESSOR_DEFINITIONS = (
					"DEBUG=1",
					"$(inherited)",
				);
				GCC_WARN_64_TO_32_BIT_CONVERSION = YES;
				GCC_WARN_ABOUT_RETURN_TYPE = YES_ERROR;
				GCC_WARN_UNDECLARED_SELECTOR = YES;
				GCC_WARN_UNINITIALIZED_AUTOS = YES_AGGRESSIVE;
				GCC_WARN_UNUSED_FUNCTION = YES;
				GCC_WARN_UNUSED_VARIABLE = YES;
				IPHONEOS_DEPLOYMENT_TARGET = 12.0;
				MTL_ENABLE_DEBUG_INFO = INCLUDE_SOURCE;
				MTL_FAST_MATH = YES;
				ONLY_ACTIVE_ARCH = YES;
				SDKROOT = iphoneos;
				SWIFT_ACTIVE_COMPILATION_CONDITIONS = DEBUG;
				SWIFT_OPTIMIZATION_LEVEL = "-Onone";
			};
			name = Debug;
		};
		E977342E2188F6CD009D5401 /* Release */ = {
			isa = XCBuildConfiguration;
			buildSettings = {
				ALWAYS_SEARCH_USER_PATHS = NO;
				CLANG_ANALYZER_NONNULL = YES;
				CLANG_ANALYZER_NUMBER_OBJECT_CONVERSION = YES_AGGRESSIVE;
				CLANG_CXX_LANGUAGE_STANDARD = "gnu++14";
				CLANG_CXX_LIBRARY = "libc++";
				CLANG_ENABLE_MODULES = YES;
				CLANG_ENABLE_OBJC_ARC = YES;
				CLANG_ENABLE_OBJC_WEAK = YES;
				CLANG_WARN_BLOCK_CAPTURE_AUTORELEASING = YES;
				CLANG_WARN_BOOL_CONVERSION = YES;
				CLANG_WARN_COMMA = YES;
				CLANG_WARN_CONSTANT_CONVERSION = YES;
				CLANG_WARN_DEPRECATED_OBJC_IMPLEMENTATIONS = YES;
				CLANG_WARN_DIRECT_OBJC_ISA_USAGE = YES_ERROR;
				CLANG_WARN_DOCUMENTATION_COMMENTS = YES;
				CLANG_WARN_EMPTY_BODY = YES;
				CLANG_WARN_ENUM_CONVERSION = YES;
				CLANG_WARN_INFINITE_RECURSION = YES;
				CLANG_WARN_INT_CONVERSION = YES;
				CLANG_WARN_NON_LITERAL_NULL_CONVERSION = YES;
				CLANG_WARN_OBJC_IMPLICIT_RETAIN_SELF = YES;
				CLANG_WARN_OBJC_LITERAL_CONVERSION = YES;
				CLANG_WARN_OBJC_ROOT_CLASS = YES_ERROR;
				CLANG_WARN_RANGE_LOOP_ANALYSIS = YES;
				CLANG_WARN_STRICT_PROTOTYPES = YES;
				CLANG_WARN_SUSPICIOUS_MOVE = YES;
				CLANG_WARN_UNGUARDED_AVAILABILITY = YES_AGGRESSIVE;
				CLANG_WARN_UNREACHABLE_CODE = YES;
				CLANG_WARN__DUPLICATE_METHOD_MATCH = YES;
				CODE_SIGN_IDENTITY = "iPhone Developer";
				COPY_PHASE_STRIP = NO;
				DEBUG_INFORMATION_FORMAT = "dwarf-with-dsym";
				ENABLE_NS_ASSERTIONS = NO;
				ENABLE_STRICT_OBJC_MSGSEND = YES;
				GCC_C_LANGUAGE_STANDARD = gnu11;
				GCC_NO_COMMON_BLOCKS = YES;
				GCC_WARN_64_TO_32_BIT_CONVERSION = YES;
				GCC_WARN_ABOUT_RETURN_TYPE = YES_ERROR;
				GCC_WARN_UNDECLARED_SELECTOR = YES;
				GCC_WARN_UNINITIALIZED_AUTOS = YES_AGGRESSIVE;
				GCC_WARN_UNUSED_FUNCTION = YES;
				GCC_WARN_UNUSED_VARIABLE = YES;
				IPHONEOS_DEPLOYMENT_TARGET = 12.0;
				MTL_ENABLE_DEBUG_INFO = NO;
				MTL_FAST_MATH = YES;
				SDKROOT = iphoneos;
				SWIFT_COMPILATION_MODE = wholemodule;
				SWIFT_OPTIMIZATION_LEVEL = "-O";
				VALIDATE_PRODUCT = YES;
			};
			name = Release;
		};
		E97734302188F6CD009D5401 /* Debug */ = {
			isa = XCBuildConfiguration;
			buildSettings = {
				ASSETCATALOG_COMPILER_APPICON_NAME = AppIcon;
				CODE_SIGN_STYLE = Automatic;
				DEVELOPMENT_TEAM = 8A9DF264JZ;
				INFOPLIST_FILE = ImageGallery/Info.plist;
				LD_RUNPATH_SEARCH_PATHS = (
					"$(inherited)",
					"@executable_path/Frameworks",
				);
				PRODUCT_BUNDLE_IDENTIFIER = anti.cs193p.lecture.ImageGallery;
				PRODUCT_NAME = "$(TARGET_NAME)";
				SWIFT_VERSION = 4.2;
				TARGETED_DEVICE_FAMILY = "1,2";
			};
			name = Debug;
		};
		E97734312188F6CD009D5401 /* Release */ = {
			isa = XCBuildConfiguration;
			buildSettings = {
				ASSETCATALOG_COMPILER_APPICON_NAME = AppIcon;
				CODE_SIGN_STYLE = Automatic;
				DEVELOPMENT_TEAM = 8A9DF264JZ;
				INFOPLIST_FILE = ImageGallery/Info.plist;
				LD_RUNPATH_SEARCH_PATHS = (
					"$(inherited)",
					"@executable_path/Frameworks",
				);
				PRODUCT_BUNDLE_IDENTIFIER = anti.cs193p.lecture.ImageGallery;
				PRODUCT_NAME = "$(TARGET_NAME)";
				SWIFT_VERSION = 4.2;
				TARGETED_DEVICE_FAMILY = "1,2";
			};
			name = Release;
		};
/* End XCBuildConfiguration section */

/* Begin XCConfigurationList section */
		E97734182188F6CC009D5401 /* Build configuration list for PBXProject "ImageGallery" */ = {
			isa = XCConfigurationList;
			buildConfigurations = (
				E977342D2188F6CD009D5401 /* Debug */,
				E977342E2188F6CD009D5401 /* Release */,
			);
			defaultConfigurationIsVisible = 0;
			defaultConfigurationName = Release;
		};
		E977342F2188F6CD009D5401 /* Build configuration list for PBXNativeTarget "ImageGallery" */ = {
			isa = XCConfigurationList;
			buildConfigurations = (
				E97734302188F6CD009D5401 /* Debug */,
				E97734312188F6CD009D5401 /* Release */,
			);
			defaultConfigurationIsVisible = 0;
			defaultConfigurationName = Release;
		};
/* End XCConfigurationList section */
	};
	rootObject = E97734152188F6CC009D5401 /* Project object */;
}
